lockfileVersion: 5.4

specifiers:
  '@googlemaps/react-wrapper': ^1.1.35

dependencies:
  '@googlemaps/react-wrapper': 1.1.35

packages:

  /@googlemaps/js-api-loader/1.15.1:
    resolution: {integrity: sha512-AsnEgNsB7S/VdrHGEQUaUM2e5tmjFGKBAfzR/AqO8O7TPq/jQGvoRw5liPBw4EMF38RDsHmKDV89q/X+qiUREQ==}
    dependencies:
      fast-deep-equal: 3.1.3
    dev: false

  /@googlemaps/react-wrapper/1.1.35:
    resolution: {integrity: sha512-vK+BDQMHN0Oqr66cW3ZPWVK43BUmJJBu6P8T74tc6/fKpUJUlFEaZsupgIIRRRDW9ejB8uGagUmwOnA2gdcvbw==}
    peerDependencies:
      react: '>=16.8.0'
    dependencies:
      '@googlemaps/js-api-loader': 1.15.1
    dev: false

  /fast-deep-equal/3.1.3:
    resolution: {integrity: sha512-f3qQ9oQy9j2AhBe/H9VC91wLmKBCCU/gDOnKNAYG5hswO7BLKj09Hc5HYNz9cGI++xlpDCIgDaitVs03ATR84Q==}
    dev: false
